
Microsoft Visual Studio Solution File, Format Version 12.00
# Visual Studio Version 16
VisualStudioVersion = 16.0.810.25
MinimumVisualStudioVersion = 10.0.40219.1
Project("{FAE04EC0-301F-11D3-BF4B-00C04F79EFBC}") = "projet-bernard_degorre_gr3", "projet-bernard_degorre_gr3.csproj", "{23F3828F-895D-417A-BB1D-5DBE79043639}"
EndProject
Global
	GlobalSection(SolutionConfigurationPlatforms) = preSolution
		Debug|Any CPU = Debug|Any CPU
		Release|Any CPU = Release|Any CPU
	EndGlobalSection
	GlobalSection(ProjectConfigurationPlatforms) = postSolution
		{23F3828F-895D-417A-BB1D-5DBE79043639}.Debug|Any CPU.ActiveCfg = Debug|Any CPU
		{23F3828F-895D-417A-BB1D-5DBE79043639}.Debug|Any CPU.Build.0 = Debug|Any CPU
		{23F3828F-895D-417A-BB1D-5DBE79043639}.Release|Any CPU.ActiveCfg = Release|Any CPU
		{23F3828F-895D-417A-BB1D-5DBE79043639}.Release|Any CPU.Build.0 = Release|Any CPU
	EndGlobalSection
	GlobalSection(SolutionProperties) = preSolution
		HideSolutionNode = FALSE
	EndGlobalSection
	GlobalSection(ExtensibilityGlobals) = postSolution
		SolutionGuid = {0DFDD9BA-60B4-4354-B38F-91BBE46469F3}
	EndGlobalSection
EndGlobal
